
Microsoft Visual Studio Solution File, Format Version 12.00
# Visual Studio Version 17
VisualStudioVersion = 17.14.36127.28
MinimumVisualStudioVersion = 10.0.40219.1
Project("{FAE04EC0-301F-11D3-BF4B-00C04F79EFBC}") = "Summer-Bookstore-API", "Summer-Bookstore\Summer-Bookstore-API.csproj", "{42BCA6D9-0D33-4E02-A773-B600140DE030}"
EndProject
Project("{FAE04EC0-301F-11D3-BF4B-00C04F79EFBC}") = "Summer-Bookstore-Domain", "Summer-Bookstore-Domain\Summer-Bookstore-Domain.csproj", "{89A0161F-8E32-4AAD-92A6-EF6FC7E765FE}"
EndProject
Project("{FAE04EC0-301F-11D3-BF4B-00C04F79EFBC}") = "Summer-Bookstore-Infrastructure", "Summer-Bokkstore-Infrastructure\Summer-Bookstore-Infrastructure.csproj", "{E0956E4E-9C41-46D8-8E65-C44585FCB34F}"
EndProject
Project("{FAE04EC0-301F-11D3-BF4B-00C04F79EFBC}") = "Summer-Bookstore-Tests", "Tests\Summer-Bookstore-Tests.csproj", "{7817986A-F6C9-4FED-9023-FFF5B58EF04B}"
EndProject
Project("{FAE04EC0-301F-11D3-BF4B-00C04F79EFBC}") = "Summer_Bookstore.Application", "Summer_Bookstore.Application\Summer_Bookstore.Application.csproj", "{00BF185F-8AD0-41C7-833F-B0D4F289C27F}"
EndProject
Global
	GlobalSection(SolutionConfigurationPlatforms) = preSolution
		Debug|Any CPU = Debug|Any CPU
		Release|Any CPU = Release|Any CPU
	EndGlobalSection
	GlobalSection(ProjectConfigurationPlatforms) = postSolution
		{42BCA6D9-0D33-4E02-A773-B600140DE030}.Debug|Any CPU.ActiveCfg = Debug|Any CPU
		{42BCA6D9-0D33-4E02-A773-B600140DE030}.Debug|Any CPU.Build.0 = Debug|Any CPU
		{42BCA6D9-0D33-4E02-A773-B600140DE030}.Release|Any CPU.ActiveCfg = Release|Any CPU
		{42BCA6D9-0D33-4E02-A773-B600140DE030}.Release|Any CPU.Build.0 = Release|Any CPU
		{89A0161F-8E32-4AAD-92A6-EF6FC7E765FE}.Debug|Any CPU.ActiveCfg = Debug|Any CPU
		{89A0161F-8E32-4AAD-92A6-EF6FC7E765FE}.Debug|Any CPU.Build.0 = Debug|Any CPU
		{89A0161F-8E32-4AAD-92A6-EF6FC7E765FE}.Release|Any CPU.ActiveCfg = Release|Any CPU
		{89A0161F-8E32-4AAD-92A6-EF6FC7E765FE}.Release|Any CPU.Build.0 = Release|Any CPU
		{E0956E4E-9C41-46D8-8E65-C44585FCB34F}.Debug|Any CPU.ActiveCfg = Debug|Any CPU
		{E0956E4E-9C41-46D8-8E65-C44585FCB34F}.Debug|Any CPU.Build.0 = Debug|Any CPU
		{E0956E4E-9C41-46D8-8E65-C44585FCB34F}.Release|Any CPU.ActiveCfg = Release|Any CPU
		{E0956E4E-9C41-46D8-8E65-C44585FCB34F}.Release|Any CPU.Build.0 = Release|Any CPU
		{7817986A-F6C9-4FED-9023-FFF5B58EF04B}.Debug|Any CPU.ActiveCfg = Debug|Any CPU
		{7817986A-F6C9-4FED-9023-FFF5B58EF04B}.Debug|Any CPU.Build.0 = Debug|Any CPU
		{7817986A-F6C9-4FED-9023-FFF5B58EF04B}.Release|Any CPU.ActiveCfg = Release|Any CPU
		{7817986A-F6C9-4FED-9023-FFF5B58EF04B}.Release|Any CPU.Build.0 = Release|Any CPU
		{00BF185F-8AD0-41C7-833F-B0D4F289C27F}.Debug|Any CPU.ActiveCfg = Debug|Any CPU
		{00BF185F-8AD0-41C7-833F-B0D4F289C27F}.Debug|Any CPU.Build.0 = Debug|Any CPU
		{00BF185F-8AD0-41C7-833F-B0D4F289C27F}.Release|Any CPU.ActiveCfg = Release|Any CPU
		{00BF185F-8AD0-41C7-833F-B0D4F289C27F}.Release|Any CPU.Build.0 = Release|Any CPU
	EndGlobalSection
	GlobalSection(SolutionProperties) = preSolution
		HideSolutionNode = FALSE
	EndGlobalSection
	GlobalSection(ExtensibilityGlobals) = postSolution
		SolutionGuid = {A9E34D6D-CA8E-4BB6-8C4B-BF74258DB55D}
	EndGlobalSection
EndGlobal
